// !$*UTF8*$!
{
	archiveVersion = 1;
	classes = {
	};
	objectVersion = 46;
	objects = {

/* Begin PBXBuildFile section */
		300F611325B9C970008AB9EA /* RibbonListReusableHeaderView.swift in Sources */ = {isa = PBXBuildFile; fileRef = 300F611225B9C970008AB9EA /* RibbonListReusableHeaderView.swift */; };
		300F611E25B9C98C008AB9EA /* RibbonListReusableFooterView.swift in Sources */ = {isa = PBXBuildFile; fileRef = 300F611D25B9C98C008AB9EA /* RibbonListReusableFooterView.swift */; };
		303F475924CF6E7900763149 /* Assets.xcassets in Resources */ = {isa = PBXBuildFile; fileRef = 303F475824CF6E7900763149 /* Assets.xcassets */; };
		303F475C24CF6E7900763149 /* LaunchScreen.storyboard in Resources */ = {isa = PBXBuildFile; fileRef = 303F475A24CF6E7900763149 /* LaunchScreen.storyboard */; };
		303F476224CF6EFC00763149 /* ColorGroup.swift in Sources */ = {isa = PBXBuildFile; fileRef = 3044596A24C7B4D90062BA54 /* ColorGroup.swift */; };
		303F476324CF6F0200763149 /* RandomColor.swift in Sources */ = {isa = PBXBuildFile; fileRef = 30C15D3C24C7456D00ABB183 /* RandomColor.swift */; };
		303F476424CF6F0200763149 /* Luminosity.swift in Sources */ = {isa = PBXBuildFile; fileRef = 30C15D3F24C7456D00ABB183 /* Luminosity.swift */; };
		303F476524CF6F0200763149 /* ColorDefinition.swift in Sources */ = {isa = PBXBuildFile; fileRef = 30C15D3D24C7456D00ABB183 /* ColorDefinition.swift */; };
		303F476624CF6F0200763149 /* Hue.swift in Sources */ = {isa = PBXBuildFile; fileRef = 30C15D3E24C7456D00ABB183 /* Hue.swift */; };
		3044596324C7B15D0062BA54 /* RibbonListSectionConfiguration.swift in Sources */ = {isa = PBXBuildFile; fileRef = 3044596224C7B15D0062BA54 /* RibbonListSectionConfiguration.swift */; };
		3044596B24C7B4D90062BA54 /* ColorGroup.swift in Sources */ = {isa = PBXBuildFile; fileRef = 3044596A24C7B4D90062BA54 /* ColorGroup.swift */; };
		3048262925B876FD001AFC2C /* RibbonListViewFocusUpdateContext.swift in Sources */ = {isa = PBXBuildFile; fileRef = 3048262825B876FD001AFC2C /* RibbonListViewFocusUpdateContext.swift */; };
		30B56F12273094AB006AB071 /* RibbonListSectionLayout.swift in Sources */ = {isa = PBXBuildFile; fileRef = 30B56F11273094AB006AB071 /* RibbonListSectionLayout.swift */; };
		30BF400425B833E000BE8A98 /* Lorem.swift in Sources */ = {isa = PBXBuildFile; fileRef = 30BF400325B833E000BE8A98 /* Lorem.swift */; };
		30BF400525B833E000BE8A98 /* Lorem.swift in Sources */ = {isa = PBXBuildFile; fileRef = 30BF400325B833E000BE8A98 /* Lorem.swift */; };
		30BF401B25B83E6800BE8A98 /* CGSize+Hashable.swift in Sources */ = {isa = PBXBuildFile; fileRef = 30BF401125B83E6500BE8A98 /* CGSize+Hashable.swift */; };
		30BF402925B83EDC00BE8A98 /* UIEdgeInsets+Hashable.swift in Sources */ = {isa = PBXBuildFile; fileRef = 30BF401F25B83ED900BE8A98 /* UIEdgeInsets+Hashable.swift */; };
		30C15D2824C7436000ABB183 /* AppDelegate.swift in Sources */ = {isa = PBXBuildFile; fileRef = 30C15D2724C7436000ABB183 /* AppDelegate.swift */; };
		30C15D2C24C7436000ABB183 /* ViewController.swift in Sources */ = {isa = PBXBuildFile; fileRef = 30C15D2B24C7436000ABB183 /* ViewController.swift */; };
		30C15D3124C7436200ABB183 /* Assets.xcassets in Resources */ = {isa = PBXBuildFile; fileRef = 30C15D3024C7436200ABB183 /* Assets.xcassets */; };
		30C15D3424C7436200ABB183 /* LaunchScreen.storyboard in Resources */ = {isa = PBXBuildFile; fileRef = 30C15D3224C7436200ABB183 /* LaunchScreen.storyboard */; };
		30C15D4024C7456D00ABB183 /* RandomColor.swift in Sources */ = {isa = PBXBuildFile; fileRef = 30C15D3C24C7456D00ABB183 /* RandomColor.swift */; };
		30C15D4124C7456D00ABB183 /* ColorDefinition.swift in Sources */ = {isa = PBXBuildFile; fileRef = 30C15D3D24C7456D00ABB183 /* ColorDefinition.swift */; };
		30C15D4224C7456D00ABB183 /* Hue.swift in Sources */ = {isa = PBXBuildFile; fileRef = 30C15D3E24C7456D00ABB183 /* Hue.swift */; };
		30C15D4324C7456D00ABB183 /* Luminosity.swift in Sources */ = {isa = PBXBuildFile; fileRef = 30C15D3F24C7456D00ABB183 /* Luminosity.swift */; };
		30D8E99A2730507E00002793 /* RibbonListDimension.swift in Sources */ = {isa = PBXBuildFile; fileRef = 30D8E9992730507E00002793 /* RibbonListDimension.swift */; };
		30DFDD4C2721B42500EAAF87 /* RibbonListView.swift in Sources */ = {isa = PBXBuildFile; fileRef = 30DFDD4B2721B42500EAAF87 /* RibbonListView.swift */; };
		30DFDD4E2721B47C00EAAF87 /* RibbonListReusableHostView.swift in Sources */ = {isa = PBXBuildFile; fileRef = 30DFDD4D2721B47C00EAAF87 /* RibbonListReusableHostView.swift */; };
		30DFDD502721C10000EAAF87 /* ViewController.swift in Sources */ = {isa = PBXBuildFile; fileRef = 30C15D2B24C7436000ABB183 /* ViewController.swift */; };
		30DFDD512721C13F00EAAF87 /* AppDelegate.swift in Sources */ = {isa = PBXBuildFile; fileRef = 30C15D2724C7436000ABB183 /* AppDelegate.swift */; };
		30F07A2B24C8679900BFFE5E /* RibbonListViewDataSource.swift in Sources */ = {isa = PBXBuildFile; fileRef = 30F07A2A24C8679900BFFE5E /* RibbonListViewDataSource.swift */; };
		30F07A3024C867CF00BFFE5E /* RibbonListViewDelegate.swift in Sources */ = {isa = PBXBuildFile; fileRef = 30F07A2F24C867CF00BFFE5E /* RibbonListViewDelegate.swift */; };
		OBJ_24 /* ReusableView.swift in Sources */ = {isa = PBXBuildFile; fileRef = OBJ_10 /* ReusableView.swift */; };
		OBJ_25 /* UICollectionView+Reusable.swift in Sources */ = {isa = PBXBuildFile; fileRef = OBJ_11 /* UICollectionView+Reusable.swift */; };
/* End PBXBuildFile section */

/* Begin PBXContainerItemProxy section */
		303F476724CF6F5100763149 /* PBXContainerItemProxy */ = {
			isa = PBXContainerItemProxy;
			containerPortal = OBJ_1 /* Project object */;
			proxyType = 1;
			remoteGlobalIDString = "RibbonKit::RibbonKit";
			remoteInfo = RibbonKit;
		};
		30C15D3924C743CD00ABB183 /* PBXContainerItemProxy */ = {
			isa = PBXContainerItemProxy;
			containerPortal = OBJ_1 /* Project object */;
			proxyType = 1;
			remoteGlobalIDString = "RibbonKit::RibbonKit";
			remoteInfo = RibbonKit;
		};
/* End PBXContainerItemProxy section */

/* Begin PBXFileReference section */
		300F611225B9C970008AB9EA /* RibbonListReusableHeaderView.swift */ = {isa = PBXFileReference; lastKnownFileType = sourcecode.swift; path = RibbonListReusableHeaderView.swift; sourceTree = "<group>"; };
		300F611D25B9C98C008AB9EA /* RibbonListReusableFooterView.swift */ = {isa = PBXFileReference; lastKnownFileType = sourcecode.swift; path = RibbonListReusableFooterView.swift; sourceTree = "<group>"; };
		303F474F24CF6E7800763149 /* Example-tvOS.app */ = {isa = PBXFileReference; explicitFileType = wrapper.application; includeInIndex = 0; path = "Example-tvOS.app"; sourceTree = BUILT_PRODUCTS_DIR; };
		303F475824CF6E7900763149 /* Assets.xcassets */ = {isa = PBXFileReference; lastKnownFileType = folder.assetcatalog; path = Assets.xcassets; sourceTree = "<group>"; };
		303F475B24CF6E7900763149 /* Base */ = {isa = PBXFileReference; lastKnownFileType = file.storyboard; name = Base; path = Base.lproj/LaunchScreen.storyboard; sourceTree = "<group>"; };
		303F475D24CF6E7900763149 /* Info.plist */ = {isa = PBXFileReference; lastKnownFileType = text.plist.xml; path = Info.plist; sourceTree = "<group>"; };
		3044596224C7B15D0062BA54 /* RibbonListSectionConfiguration.swift */ = {isa = PBXFileReference; lastKnownFileType = sourcecode.swift; path = RibbonListSectionConfiguration.swift; sourceTree = "<group>"; };
		3044596A24C7B4D90062BA54 /* ColorGroup.swift */ = {isa = PBXFileReference; lastKnownFileType = sourcecode.swift; path = ColorGroup.swift; sourceTree = "<group>"; };
		3048262825B876FD001AFC2C /* RibbonListViewFocusUpdateContext.swift */ = {isa = PBXFileReference; lastKnownFileType = sourcecode.swift; path = RibbonListViewFocusUpdateContext.swift; sourceTree = "<group>"; };
		30B56F11273094AB006AB071 /* RibbonListSectionLayout.swift */ = {isa = PBXFileReference; lastKnownFileType = sourcecode.swift; path = RibbonListSectionLayout.swift; sourceTree = "<group>"; };
		30BF400325B833E000BE8A98 /* Lorem.swift */ = {isa = PBXFileReference; lastKnownFileType = sourcecode.swift; path = Lorem.swift; sourceTree = "<group>"; };
		30BF401125B83E6500BE8A98 /* CGSize+Hashable.swift */ = {isa = PBXFileReference; lastKnownFileType = sourcecode.swift; path = "CGSize+Hashable.swift"; sourceTree = "<group>"; };
		30BF401F25B83ED900BE8A98 /* UIEdgeInsets+Hashable.swift */ = {isa = PBXFileReference; lastKnownFileType = sourcecode.swift; path = "UIEdgeInsets+Hashable.swift"; sourceTree = "<group>"; };
		30C15D2524C7436000ABB183 /* Example.app */ = {isa = PBXFileReference; explicitFileType = wrapper.application; includeInIndex = 0; path = Example.app; sourceTree = BUILT_PRODUCTS_DIR; };
		30C15D2724C7436000ABB183 /* AppDelegate.swift */ = {isa = PBXFileReference; lastKnownFileType = sourcecode.swift; path = AppDelegate.swift; sourceTree = "<group>"; };
		30C15D2B24C7436000ABB183 /* ViewController.swift */ = {isa = PBXFileReference; lastKnownFileType = sourcecode.swift; path = ViewController.swift; sourceTree = "<group>"; };
		30C15D3024C7436200ABB183 /* Assets.xcassets */ = {isa = PBXFileReference; lastKnownFileType = folder.assetcatalog; path = Assets.xcassets; sourceTree = "<group>"; };
		30C15D3324C7436200ABB183 /* Base */ = {isa = PBXFileReference; lastKnownFileType = file.storyboard; name = Base; path = Base.lproj/LaunchScreen.storyboard; sourceTree = "<group>"; };
		30C15D3524C7436200ABB183 /* Info.plist */ = {isa = PBXFileReference; lastKnownFileType = text.plist.xml; path = Info.plist; sourceTree = "<group>"; };
		30C15D3C24C7456D00ABB183 /* RandomColor.swift */ = {isa = PBXFileReference; fileEncoding = 4; lastKnownFileType = sourcecode.swift; path = RandomColor.swift; sourceTree = "<group>"; };
		30C15D3D24C7456D00ABB183 /* ColorDefinition.swift */ = {isa = PBXFileReference; fileEncoding = 4; lastKnownFileType = sourcecode.swift; path = ColorDefinition.swift; sourceTree = "<group>"; };
		30C15D3E24C7456D00ABB183 /* Hue.swift */ = {isa = PBXFileReference; fileEncoding = 4; lastKnownFileType = sourcecode.swift; path = Hue.swift; sourceTree = "<group>"; };
		30C15D3F24C7456D00ABB183 /* Luminosity.swift */ = {isa = PBXFileReference; fileEncoding = 4; lastKnownFileType = sourcecode.swift; path = Luminosity.swift; sourceTree = "<group>"; };
		30D8E9992730507E00002793 /* RibbonListDimension.swift */ = {isa = PBXFileReference; fileEncoding = 4; lastKnownFileType = sourcecode.swift; path = RibbonListDimension.swift; sourceTree = "<group>"; };
		30DFDD4B2721B42500EAAF87 /* RibbonListView.swift */ = {isa = PBXFileReference; fileEncoding = 4; lastKnownFileType = sourcecode.swift; path = RibbonListView.swift; sourceTree = "<group>"; };
		30DFDD4D2721B47C00EAAF87 /* RibbonListReusableHostView.swift */ = {isa = PBXFileReference; lastKnownFileType = sourcecode.swift; path = RibbonListReusableHostView.swift; sourceTree = "<group>"; };
		30F07A2924C7BF0400BFFE5E /* README.md */ = {isa = PBXFileReference; lastKnownFileType = net.daringfireball.markdown; path = README.md; sourceTree = "<group>"; };
		30F07A2A24C8679900BFFE5E /* RibbonListViewDataSource.swift */ = {isa = PBXFileReference; lastKnownFileType = sourcecode.swift; path = RibbonListViewDataSource.swift; sourceTree = "<group>"; };
		30F07A2F24C867CF00BFFE5E /* RibbonListViewDelegate.swift */ = {isa = PBXFileReference; lastKnownFileType = sourcecode.swift; path = RibbonListViewDelegate.swift; sourceTree = "<group>"; };
		OBJ_10 /* ReusableView.swift */ = {isa = PBXFileReference; lastKnownFileType = sourcecode.swift; path = ReusableView.swift; sourceTree = "<group>"; };
		OBJ_11 /* UICollectionView+Reusable.swift */ = {isa = PBXFileReference; lastKnownFileType = sourcecode.swift; path = "UICollectionView+Reusable.swift"; sourceTree = "<group>"; };
		OBJ_6 /* Package.swift */ = {isa = PBXFileReference; explicitFileType = sourcecode.swift; path = Package.swift; sourceTree = "<group>"; };
		"RibbonKit::RibbonKit::Product" /* RibbonKit.framework */ = {isa = PBXFileReference; explicitFileType = wrapper.framework; path = RibbonKit.framework; sourceTree = BUILT_PRODUCTS_DIR; };
/* End PBXFileReference section */

/* Begin PBXFrameworksBuildPhase section */
		303F474C24CF6E7800763149 /* Frameworks */ = {
			isa = PBXFrameworksBuildPhase;
			buildActionMask = 2147483647;
			files = (
			);
			runOnlyForDeploymentPostprocessing = 0;
		};
		30C15D2224C7436000ABB183 /* Frameworks */ = {
			isa = PBXFrameworksBuildPhase;
			buildActionMask = 2147483647;
			files = (
			);
			runOnlyForDeploymentPostprocessing = 0;
		};
		OBJ_30 /* Frameworks */ = {
			isa = PBXFrameworksBuildPhase;
			buildActionMask = 0;
			files = (
			);
			runOnlyForDeploymentPostprocessing = 0;
		};
/* End PBXFrameworksBuildPhase section */

/* Begin PBXGroup section */
		303F475024CF6E7800763149 /* Example-tvOS */ = {
			isa = PBXGroup;
			children = (
				303F475824CF6E7900763149 /* Assets.xcassets */,
				303F475A24CF6E7900763149 /* LaunchScreen.storyboard */,
				303F475D24CF6E7900763149 /* Info.plist */,
			);
			path = "Example-tvOS";
			sourceTree = "<group>";
		};
		303F476124CF6EE600763149 /* Shared */ = {
			isa = PBXGroup;
			children = (
				30DFDD4F2721C0F600EAAF87 /* UI */,
				3044596924C7B4D10062BA54 /* Data */,
				30C15D3B24C7455100ABB183 /* RandomColor */,
			);
			path = Shared;
			sourceTree = "<group>";
		};
		3044596924C7B4D10062BA54 /* Data */ = {
			isa = PBXGroup;
			children = (
				3044596A24C7B4D90062BA54 /* ColorGroup.swift */,
				30BF400325B833E000BE8A98 /* Lorem.swift */,
			);
			path = Data;
			sourceTree = "<group>";
		};
		30BF3FEC25B8231E00BE8A98 /* Frameworks */ = {
			isa = PBXGroup;
			children = (
			);
			name = Frameworks;
			sourceTree = "<group>";
		};
		30BF401025B83E5B00BE8A98 /* Extensions */ = {
			isa = PBXGroup;
			children = (
				30BF401125B83E6500BE8A98 /* CGSize+Hashable.swift */,
				30BF401F25B83ED900BE8A98 /* UIEdgeInsets+Hashable.swift */,
			);
			path = Extensions;
			sourceTree = "<group>";
		};
		30C15D2624C7436000ABB183 /* Example */ = {
			isa = PBXGroup;
			children = (
				30C15D3024C7436200ABB183 /* Assets.xcassets */,
				30C15D3224C7436200ABB183 /* LaunchScreen.storyboard */,
				30C15D3524C7436200ABB183 /* Info.plist */,
			);
			path = Example;
			sourceTree = "<group>";
		};
		30C15D3B24C7455100ABB183 /* RandomColor */ = {
			isa = PBXGroup;
			children = (
				30C15D3D24C7456D00ABB183 /* ColorDefinition.swift */,
				30C15D3E24C7456D00ABB183 /* Hue.swift */,
				30C15D3F24C7456D00ABB183 /* Luminosity.swift */,
				30C15D3C24C7456D00ABB183 /* RandomColor.swift */,
			);
			path = RandomColor;
			sourceTree = "<group>";
		};
		30DFDD4F2721C0F600EAAF87 /* UI */ = {
			isa = PBXGroup;
			children = (
				30C15D2724C7436000ABB183 /* AppDelegate.swift */,
				30C15D2B24C7436000ABB183 /* ViewController.swift */,
			);
			path = UI;
			sourceTree = "<group>";
		};
		30F07A2C24C867A100BFFE5E /* List */ = {
			isa = PBXGroup;
			children = (
				30DFDD4B2721B42500EAAF87 /* RibbonListView.swift */,
				3048262825B876FD001AFC2C /* RibbonListViewFocusUpdateContext.swift */,
				30F07A2A24C8679900BFFE5E /* RibbonListViewDataSource.swift */,
				30F07A2F24C867CF00BFFE5E /* RibbonListViewDelegate.swift */,
				3044596224C7B15D0062BA54 /* RibbonListSectionConfiguration.swift */,
				30D8E9992730507E00002793 /* RibbonListDimension.swift */,
				30B56F11273094AB006AB071 /* RibbonListSectionLayout.swift */,
			);
			path = List;
			sourceTree = "<group>";
		};
		OBJ_16 /* Tests */ = {
			isa = PBXGroup;
			children = (
			);
			name = Tests;
			sourceTree = SOURCE_ROOT;
		};
		OBJ_17 /* Products */ = {
			isa = PBXGroup;
			children = (
				"RibbonKit::RibbonKit::Product" /* RibbonKit.framework */,
				30C15D2524C7436000ABB183 /* Example.app */,
				303F474F24CF6E7800763149 /* Example-tvOS.app */,
			);
			name = Products;
			sourceTree = BUILT_PRODUCTS_DIR;
		};
		OBJ_5 = {
			isa = PBXGroup;
			children = (
				30F07A2924C7BF0400BFFE5E /* README.md */,
				OBJ_6 /* Package.swift */,
				OBJ_7 /* Sources */,
				OBJ_16 /* Tests */,
				303F476124CF6EE600763149 /* Shared */,
				30C15D2624C7436000ABB183 /* Example */,
				303F475024CF6E7800763149 /* Example-tvOS */,
				OBJ_17 /* Products */,
				30BF3FEC25B8231E00BE8A98 /* Frameworks */,
			);
			sourceTree = "<group>";
		};
		OBJ_7 /* Sources */ = {
			isa = PBXGroup;
			children = (
				OBJ_8 /* RibbonKit */,
			);
			name = Sources;
			sourceTree = SOURCE_ROOT;
		};
		OBJ_8 /* RibbonKit */ = {
			isa = PBXGroup;
			children = (
				30BF401025B83E5B00BE8A98 /* Extensions */,
				OBJ_9 /* Reusable */,
				30F07A2C24C867A100BFFE5E /* List */,
			);
			name = RibbonKit;
			path = Sources/RibbonKit;
			sourceTree = SOURCE_ROOT;
		};
		OBJ_9 /* Reusable */ = {
			isa = PBXGroup;
			children = (
				OBJ_10 /* ReusableView.swift */,
				300F611225B9C970008AB9EA /* RibbonListReusableHeaderView.swift */,
				300F611D25B9C98C008AB9EA /* RibbonListReusableFooterView.swift */,
				30DFDD4D2721B47C00EAAF87 /* RibbonListReusableHostView.swift */,
				OBJ_11 /* UICollectionView+Reusable.swift */,
			);
			path = Reusable;
			sourceTree = "<group>";
		};
/* End PBXGroup section */

/* Begin PBXNativeTarget section */
		303F474E24CF6E7800763149 /* Example-tvOS */ = {
			isa = PBXNativeTarget;
			buildConfigurationList = 303F476024CF6E7900763149 /* Build configuration list for PBXNativeTarget "Example-tvOS" */;
			buildPhases = (
				303F474B24CF6E7800763149 /* Sources */,
				303F474C24CF6E7800763149 /* Frameworks */,
				303F474D24CF6E7800763149 /* Resources */,
			);
			buildRules = (
			);
			dependencies = (
				303F476824CF6F5100763149 /* PBXTargetDependency */,
			);
			name = "Example-tvOS";
			productName = "Example-tvOS";
			productReference = 303F474F24CF6E7800763149 /* Example-tvOS.app */;
			productType = "com.apple.product-type.application";
		};
		30C15D2424C7436000ABB183 /* Example */ = {
			isa = PBXNativeTarget;
			buildConfigurationList = 30C15D3824C7436200ABB183 /* Build configuration list for PBXNativeTarget "Example" */;
			buildPhases = (
				30C15D2124C7436000ABB183 /* Sources */,
				30C15D2224C7436000ABB183 /* Frameworks */,
				30C15D2324C7436000ABB183 /* Resources */,
			);
			buildRules = (
			);
			dependencies = (
				30C15D3A24C743CD00ABB183 /* PBXTargetDependency */,
			);
			name = Example;
			productName = Example;
			productReference = 30C15D2524C7436000ABB183 /* Example.app */;
			productType = "com.apple.product-type.application";
		};
		"RibbonKit::RibbonKit" /* RibbonKit */ = {
			isa = PBXNativeTarget;
			buildConfigurationList = OBJ_20 /* Build configuration list for PBXNativeTarget "RibbonKit" */;
			buildPhases = (
				OBJ_23 /* Sources */,
				OBJ_30 /* Frameworks */,
			);
			buildRules = (
			);
			dependencies = (
			);
			name = RibbonKit;
			productName = RibbonKit;
			productReference = "RibbonKit::RibbonKit::Product" /* RibbonKit.framework */;
			productType = "com.apple.product-type.framework";
		};
/* End PBXNativeTarget section */

/* Begin PBXProject section */
		OBJ_1 /* Project object */ = {
			isa = PBXProject;
			attributes = {
				LastSwiftMigration = 9999;
				LastSwiftUpdateCheck = 1230;
				LastUpgradeCheck = 9999;
				TargetAttributes = {
					303F474E24CF6E7800763149 = {
						CreatedOnToolsVersion = 12.0;
						ProvisioningStyle = Automatic;
					};
					30C15D2424C7436000ABB183 = {
						CreatedOnToolsVersion = 12.0;
						ProvisioningStyle = Automatic;
					};
				};
			};
			buildConfigurationList = OBJ_2 /* Build configuration list for PBXProject "RibbonKit" */;
			compatibilityVersion = "Xcode 3.2";
			developmentRegion = en;
			hasScannedForEncodings = 0;
			knownRegions = (
				en,
				Base,
			);
			mainGroup = OBJ_5;
			productRefGroup = OBJ_17 /* Products */;
			projectDirPath = "";
			projectRoot = "";
			targets = (
				"RibbonKit::RibbonKit" /* RibbonKit */,
				30C15D2424C7436000ABB183 /* Example */,
				303F474E24CF6E7800763149 /* Example-tvOS */,
			);
		};
/* End PBXProject section */

/* Begin PBXResourcesBuildPhase section */
		303F474D24CF6E7800763149 /* Resources */ = {
			isa = PBXResourcesBuildPhase;
			buildActionMask = 2147483647;
			files = (
				303F475C24CF6E7900763149 /* LaunchScreen.storyboard in Resources */,
				303F475924CF6E7900763149 /* Assets.xcassets in Resources */,
			);
			runOnlyForDeploymentPostprocessing = 0;
		};
		30C15D2324C7436000ABB183 /* Resources */ = {
			isa = PBXResourcesBuildPhase;
			buildActionMask = 2147483647;
			files = (
				30C15D3424C7436200ABB183 /* LaunchScreen.storyboard in Resources */,
				30C15D3124C7436200ABB183 /* Assets.xcassets in Resources */,
			);
			runOnlyForDeploymentPostprocessing = 0;
		};
/* End PBXResourcesBuildPhase section */

/* Begin PBXSourcesBuildPhase section */
		303F474B24CF6E7800763149 /* Sources */ = {
			isa = PBXSourcesBuildPhase;
			buildActionMask = 2147483647;
			files = (
				30DFDD502721C10000EAAF87 /* ViewController.swift in Sources */,
				303F476324CF6F0200763149 /* RandomColor.swift in Sources */,
				303F476624CF6F0200763149 /* Hue.swift in Sources */,
				303F476524CF6F0200763149 /* ColorDefinition.swift in Sources */,
				30BF400525B833E000BE8A98 /* Lorem.swift in Sources */,
				303F476224CF6EFC00763149 /* ColorGroup.swift in Sources */,
				30DFDD512721C13F00EAAF87 /* AppDelegate.swift in Sources */,
				303F476424CF6F0200763149 /* Luminosity.swift in Sources */,
			);
			runOnlyForDeploymentPostprocessing = 0;
		};
		30C15D2124C7436000ABB183 /* Sources */ = {
			isa = PBXSourcesBuildPhase;
			buildActionMask = 2147483647;
			files = (
				30C15D4324C7456D00ABB183 /* Luminosity.swift in Sources */,
				30C15D4224C7456D00ABB183 /* Hue.swift in Sources */,
				30C15D4124C7456D00ABB183 /* ColorDefinition.swift in Sources */,
				30C15D2C24C7436000ABB183 /* ViewController.swift in Sources */,
				3044596B24C7B4D90062BA54 /* ColorGroup.swift in Sources */,
				30BF400425B833E000BE8A98 /* Lorem.swift in Sources */,
				30C15D4024C7456D00ABB183 /* RandomColor.swift in Sources */,
				30C15D2824C7436000ABB183 /* AppDelegate.swift in Sources */,
			);
			runOnlyForDeploymentPostprocessing = 0;
		};
		OBJ_23 /* Sources */ = {
			isa = PBXSourcesBuildPhase;
			buildActionMask = 0;
			files = (
				OBJ_24 /* ReusableView.swift in Sources */,
				30B56F12273094AB006AB071 /* RibbonListSectionLayout.swift in Sources */,
				OBJ_25 /* UICollectionView+Reusable.swift in Sources */,
				30D8E99A2730507E00002793 /* RibbonListDimension.swift in Sources */,
				30DFDD4E2721B47C00EAAF87 /* RibbonListReusableHostView.swift in Sources */,
				300F611325B9C970008AB9EA /* RibbonListReusableHeaderView.swift in Sources */,
				3044596324C7B15D0062BA54 /* RibbonListSectionConfiguration.swift in Sources */,
				30BF401B25B83E6800BE8A98 /* CGSize+Hashable.swift in Sources */,
				30F07A3024C867CF00BFFE5E /* RibbonListViewDelegate.swift in Sources */,
				30DFDD4C2721B42500EAAF87 /* RibbonListView.swift in Sources */,
				30BF402925B83EDC00BE8A98 /* UIEdgeInsets+Hashable.swift in Sources */,
				3048262925B876FD001AFC2C /* RibbonListViewFocusUpdateContext.swift in Sources */,
				300F611E25B9C98C008AB9EA /* RibbonListReusableFooterView.swift in Sources */,
				30F07A2B24C8679900BFFE5E /* RibbonListViewDataSource.swift in Sources */,
			);
			runOnlyForDeploymentPostprocessing = 0;
		};
/* End PBXSourcesBuildPhase section */

/* Begin PBXTargetDependency section */
		303F476824CF6F5100763149 /* PBXTargetDependency */ = {
			isa = PBXTargetDependency;
			target = "RibbonKit::RibbonKit" /* RibbonKit */;
			targetProxy = 303F476724CF6F5100763149 /* PBXContainerItemProxy */;
		};
		30C15D3A24C743CD00ABB183 /* PBXTargetDependency */ = {
			isa = PBXTargetDependency;
			target = "RibbonKit::RibbonKit" /* RibbonKit */;
			targetProxy = 30C15D3924C743CD00ABB183 /* PBXContainerItemProxy */;
		};
/* End PBXTargetDependency section */

/* Begin PBXVariantGroup section */
		303F475A24CF6E7900763149 /* LaunchScreen.storyboard */ = {
			isa = PBXVariantGroup;
			children = (
				303F475B24CF6E7900763149 /* Base */,
			);
			name = LaunchScreen.storyboard;
			sourceTree = "<group>";
		};
		30C15D3224C7436200ABB183 /* LaunchScreen.storyboard */ = {
			isa = PBXVariantGroup;
			children = (
				30C15D3324C7436200ABB183 /* Base */,
			);
			name = LaunchScreen.storyboard;
			sourceTree = "<group>";
		};
/* End PBXVariantGroup section */

/* Begin XCBuildConfiguration section */
		303F475E24CF6E7900763149 /* Debug */ = {
			isa = XCBuildConfiguration;
			buildSettings = {
				ALWAYS_SEARCH_USER_PATHS = NO;
				ASSETCATALOG_COMPILER_APPICON_NAME = "App Icon & Top Shelf Image";
				ASSETCATALOG_COMPILER_GLOBAL_ACCENT_COLOR_NAME = AccentColor;
				CLANG_ANALYZER_NONNULL = YES;
				CLANG_ANALYZER_NUMBER_OBJECT_CONVERSION = YES_AGGRESSIVE;
				CLANG_CXX_LANGUAGE_STANDARD = "gnu++14";
				CLANG_CXX_LIBRARY = "libc++";
				CLANG_ENABLE_MODULES = YES;
				CLANG_ENABLE_OBJC_WEAK = YES;
				CLANG_WARN_BLOCK_CAPTURE_AUTORELEASING = YES;
				CLANG_WARN_BOOL_CONVERSION = YES;
				CLANG_WARN_COMMA = YES;
				CLANG_WARN_CONSTANT_CONVERSION = YES;
				CLANG_WARN_DEPRECATED_OBJC_IMPLEMENTATIONS = YES;
				CLANG_WARN_DIRECT_OBJC_ISA_USAGE = YES_ERROR;
				CLANG_WARN_DOCUMENTATION_COMMENTS = YES;
				CLANG_WARN_EMPTY_BODY = YES;
				CLANG_WARN_ENUM_CONVERSION = YES;
				CLANG_WARN_INFINITE_RECURSION = YES;
				CLANG_WARN_INT_CONVERSION = YES;
				CLANG_WARN_NON_LITERAL_NULL_CONVERSION = YES;
				CLANG_WARN_OBJC_IMPLICIT_RETAIN_SELF = YES;
				CLANG_WARN_OBJC_LITERAL_CONVERSION = YES;
				CLANG_WARN_OBJC_ROOT_CLASS = YES_ERROR;
				CLANG_WARN_QUOTED_INCLUDE_IN_FRAMEWORK_HEADER = YES;
				CLANG_WARN_RANGE_LOOP_ANALYSIS = YES;
				CLANG_WARN_STRICT_PROTOTYPES = YES;
				CLANG_WARN_SUSPICIOUS_MOVE = YES;
				CLANG_WARN_UNGUARDED_AVAILABILITY = YES_AGGRESSIVE;
				CLANG_WARN_UNREACHABLE_CODE = YES;
				CLANG_WARN__DUPLICATE_METHOD_MATCH = YES;
				CODE_SIGN_STYLE = Automatic;
				ENABLE_STRICT_OBJC_MSGSEND = YES;
				ENABLE_TESTABILITY = YES;
				GCC_C_LANGUAGE_STANDARD = gnu11;
				GCC_DYNAMIC_NO_PIC = NO;
				GCC_NO_COMMON_BLOCKS = YES;
				GCC_PREPROCESSOR_DEFINITIONS = (
					"DEBUG=1",
					"$(inherited)",
				);
				GCC_WARN_64_TO_32_BIT_CONVERSION = YES;
				GCC_WARN_ABOUT_RETURN_TYPE = YES_ERROR;
				GCC_WARN_UNDECLARED_SELECTOR = YES;
				GCC_WARN_UNINITIALIZED_AUTOS = YES_AGGRESSIVE;
				GCC_WARN_UNUSED_FUNCTION = YES;
				GCC_WARN_UNUSED_VARIABLE = YES;
				INFOPLIST_FILE = "Example-tvOS/Info.plist";
				LD_RUNPATH_SEARCH_PATHS = "$(inherited) @executable_path/Frameworks";
				MTL_ENABLE_DEBUG_INFO = INCLUDE_SOURCE;
				MTL_FAST_MATH = YES;
				PRODUCT_BUNDLE_IDENTIFIER = "com.swisscom.RibbonKit-tvOS";
				PRODUCT_NAME = "$(TARGET_NAME)";
				SDKROOT = appletvos;
				SWIFT_ACTIVE_COMPILATION_CONDITIONS = DEBUG;
				SWIFT_VERSION = 5.0;
				TARGETED_DEVICE_FAMILY = 3;
				TVOS_DEPLOYMENT_TARGET = 14.0;
			};
			name = Debug;
		};
		303F475F24CF6E7900763149 /* Release */ = {
			isa = XCBuildConfiguration;
			buildSettings = {
				ALWAYS_SEARCH_USER_PATHS = NO;
				ASSETCATALOG_COMPILER_APPICON_NAME = "App Icon & Top Shelf Image";
				ASSETCATALOG_COMPILER_GLOBAL_ACCENT_COLOR_NAME = AccentColor;
				CLANG_ANALYZER_NONNULL = YES;
				CLANG_ANALYZER_NUMBER_OBJECT_CONVERSION = YES_AGGRESSIVE;
				CLANG_CXX_LANGUAGE_STANDARD = "gnu++14";
				CLANG_CXX_LIBRARY = "libc++";
				CLANG_ENABLE_MODULES = YES;
				CLANG_ENABLE_OBJC_WEAK = YES;
				CLANG_WARN_BLOCK_CAPTURE_AUTORELEASING = YES;
				CLANG_WARN_BOOL_CONVERSION = YES;
				CLANG_WARN_COMMA = YES;
				CLANG_WARN_CONSTANT_CONVERSION = YES;
				CLANG_WARN_DEPRECATED_OBJC_IMPLEMENTATIONS = YES;
				CLANG_WARN_DIRECT_OBJC_ISA_USAGE = YES_ERROR;
				CLANG_WARN_DOCUMENTATION_COMMENTS = YES;
				CLANG_WARN_EMPTY_BODY = YES;
				CLANG_WARN_ENUM_CONVERSION = YES;
				CLANG_WARN_INFINITE_RECURSION = YES;
				CLANG_WARN_INT_CONVERSION = YES;
				CLANG_WARN_NON_LITERAL_NULL_CONVERSION = YES;
				CLANG_WARN_OBJC_IMPLICIT_RETAIN_SELF = YES;
				CLANG_WARN_OBJC_LITERAL_CONVERSION = YES;
				CLANG_WARN_OBJC_ROOT_CLASS = YES_ERROR;
				CLANG_WARN_QUOTED_INCLUDE_IN_FRAMEWORK_HEADER = YES;
				CLANG_WARN_RANGE_LOOP_ANALYSIS = YES;
				CLANG_WARN_STRICT_PROTOTYPES = YES;
				CLANG_WARN_SUSPICIOUS_MOVE = YES;
				CLANG_WARN_UNGUARDED_AVAILABILITY = YES_AGGRESSIVE;
				CLANG_WARN_UNREACHABLE_CODE = YES;
				CLANG_WARN__DUPLICATE_METHOD_MATCH = YES;
				CODE_SIGN_STYLE = Automatic;
				COPY_PHASE_STRIP = NO;
				ENABLE_NS_ASSERTIONS = NO;
				ENABLE_STRICT_OBJC_MSGSEND = YES;
				GCC_C_LANGUAGE_STANDARD = gnu11;
				GCC_NO_COMMON_BLOCKS = YES;
				GCC_WARN_64_TO_32_BIT_CONVERSION = YES;
				GCC_WARN_ABOUT_RETURN_TYPE = YES_ERROR;
				GCC_WARN_UNDECLARED_SELECTOR = YES;
				GCC_WARN_UNINITIALIZED_AUTOS = YES_AGGRESSIVE;
				GCC_WARN_UNUSED_FUNCTION = YES;
				GCC_WARN_UNUSED_VARIABLE = YES;
				INFOPLIST_FILE = "Example-tvOS/Info.plist";
				LD_RUNPATH_SEARCH_PATHS = "$(inherited) @executable_path/Frameworks";
				MTL_ENABLE_DEBUG_INFO = NO;
				MTL_FAST_MATH = YES;
				PRODUCT_BUNDLE_IDENTIFIER = "com.swisscom.RibbonKit-tvOS";
				PRODUCT_NAME = "$(TARGET_NAME)";
				SDKROOT = appletvos;
				SWIFT_VERSION = 5.0;
				TARGETED_DEVICE_FAMILY = 3;
				TVOS_DEPLOYMENT_TARGET = 14.0;
				VALIDATE_PRODUCT = YES;
			};
			name = Release;
		};
		30C15D3624C7436200ABB183 /* Debug */ = {
			isa = XCBuildConfiguration;
			buildSettings = {
				ALWAYS_SEARCH_USER_PATHS = NO;
				ASSETCATALOG_COMPILER_APPICON_NAME = AppIcon;
				ASSETCATALOG_COMPILER_GLOBAL_ACCENT_COLOR_NAME = AccentColor;
				CLANG_ANALYZER_NONNULL = YES;
				CLANG_ANALYZER_NUMBER_OBJECT_CONVERSION = YES_AGGRESSIVE;
				CLANG_CXX_LANGUAGE_STANDARD = "gnu++14";
				CLANG_CXX_LIBRARY = "libc++";
				CLANG_ENABLE_MODULES = YES;
				CLANG_ENABLE_OBJC_WEAK = YES;
				CLANG_WARN_BLOCK_CAPTURE_AUTORELEASING = YES;
				CLANG_WARN_BOOL_CONVERSION = YES;
				CLANG_WARN_COMMA = YES;
				CLANG_WARN_CONSTANT_CONVERSION = YES;
				CLANG_WARN_DEPRECATED_OBJC_IMPLEMENTATIONS = YES;
				CLANG_WARN_DIRECT_OBJC_ISA_USAGE = YES_ERROR;
				CLANG_WARN_DOCUMENTATION_COMMENTS = YES;
				CLANG_WARN_EMPTY_BODY = YES;
				CLANG_WARN_ENUM_CONVERSION = YES;
				CLANG_WARN_INFINITE_RECURSION = YES;
				CLANG_WARN_INT_CONVERSION = YES;
				CLANG_WARN_NON_LITERAL_NULL_CONVERSION = YES;
				CLANG_WARN_OBJC_IMPLICIT_RETAIN_SELF = YES;
				CLANG_WARN_OBJC_LITERAL_CONVERSION = YES;
				CLANG_WARN_OBJC_ROOT_CLASS = YES_ERROR;
				CLANG_WARN_QUOTED_INCLUDE_IN_FRAMEWORK_HEADER = YES;
				CLANG_WARN_RANGE_LOOP_ANALYSIS = YES;
				CLANG_WARN_STRICT_PROTOTYPES = YES;
				CLANG_WARN_SUSPICIOUS_MOVE = YES;
				CLANG_WARN_UNGUARDED_AVAILABILITY = YES_AGGRESSIVE;
				CLANG_WARN_UNREACHABLE_CODE = YES;
				CLANG_WARN__DUPLICATE_METHOD_MATCH = YES;
				CODE_SIGN_STYLE = Automatic;
				ENABLE_STRICT_OBJC_MSGSEND = YES;
				ENABLE_TESTABILITY = YES;
				GCC_C_LANGUAGE_STANDARD = gnu11;
				GCC_DYNAMIC_NO_PIC = NO;
				GCC_NO_COMMON_BLOCKS = YES;
				GCC_PREPROCESSOR_DEFINITIONS = (
					"DEBUG=1",
					"$(inherited)",
				);
				GCC_WARN_64_TO_32_BIT_CONVERSION = YES;
				GCC_WARN_ABOUT_RETURN_TYPE = YES_ERROR;
				GCC_WARN_UNDECLARED_SELECTOR = YES;
				GCC_WARN_UNINITIALIZED_AUTOS = YES_AGGRESSIVE;
				GCC_WARN_UNUSED_FUNCTION = YES;
				GCC_WARN_UNUSED_VARIABLE = YES;
				INFOPLIST_FILE = Example/Info.plist;
				IPHONEOS_DEPLOYMENT_TARGET = 14.0;
				LD_RUNPATH_SEARCH_PATHS = "$(inherited) @executable_path/Frameworks";
				MTL_ENABLE_DEBUG_INFO = INCLUDE_SOURCE;
				MTL_FAST_MATH = YES;
				PRODUCT_BUNDLE_IDENTIFIER = com.swisscom.RibbonKit;
				PRODUCT_NAME = "$(TARGET_NAME)";
				SDKROOT = iphoneos;
				SWIFT_ACTIVE_COMPILATION_CONDITIONS = DEBUG;
				SWIFT_VERSION = 5.0;
				TARGETED_DEVICE_FAMILY = "1,2";
			};
			name = Debug;
		};
		30C15D3724C7436200ABB183 /* Release */ = {
			isa = XCBuildConfiguration;
			buildSettings = {
				ALWAYS_SEARCH_USER_PATHS = NO;
				ASSETCATALOG_COMPILER_APPICON_NAME = AppIcon;
				ASSETCATALOG_COMPILER_GLOBAL_ACCENT_COLOR_NAME = AccentColor;
				CLANG_ANALYZER_NONNULL = YES;
				CLANG_ANALYZER_NUMBER_OBJECT_CONVERSION = YES_AGGRESSIVE;
				CLANG_CXX_LANGUAGE_STANDARD = "gnu++14";
				CLANG_CXX_LIBRARY = "libc++";
				CLANG_ENABLE_MODULES = YES;
				CLANG_ENABLE_OBJC_WEAK = YES;
				CLANG_WARN_BLOCK_CAPTURE_AUTORELEASING = YES;
				CLANG_WARN_BOOL_CONVERSION = YES;
				CLANG_WARN_COMMA = YES;
				CLANG_WARN_CONSTANT_CONVERSION = YES;
				CLANG_WARN_DEPRECATED_OBJC_IMPLEMENTATIONS = YES;
				CLANG_WARN_DIRECT_OBJC_ISA_USAGE = YES_ERROR;
				CLANG_WARN_DOCUMENTATION_COMMENTS = YES;
				CLANG_WARN_EMPTY_BODY = YES;
				CLANG_WARN_ENUM_CONVERSION = YES;
				CLANG_WARN_INFINITE_RECURSION = YES;
				CLANG_WARN_INT_CONVERSION = YES;
				CLANG_WARN_NON_LITERAL_NULL_CONVERSION = YES;
				CLANG_WARN_OBJC_IMPLICIT_RETAIN_SELF = YES;
				CLANG_WARN_OBJC_LITERAL_CONVERSION = YES;
				CLANG_WARN_OBJC_ROOT_CLASS = YES_ERROR;
				CLANG_WARN_QUOTED_INCLUDE_IN_FRAMEWORK_HEADER = YES;
				CLANG_WARN_RANGE_LOOP_ANALYSIS = YES;
				CLANG_WARN_STRICT_PROTOTYPES = YES;
				CLANG_WARN_SUSPICIOUS_MOVE = YES;
				CLANG_WARN_UNGUARDED_AVAILABILITY = YES_AGGRESSIVE;
				CLANG_WARN_UNREACHABLE_CODE = YES;
				CLANG_WARN__DUPLICATE_METHOD_MATCH = YES;
				CODE_SIGN_STYLE = Automatic;
				COPY_PHASE_STRIP = NO;
				ENABLE_NS_ASSERTIONS = NO;
				ENABLE_STRICT_OBJC_MSGSEND = YES;
				GCC_C_LANGUAGE_STANDARD = gnu11;
				GCC_NO_COMMON_BLOCKS = YES;
				GCC_WARN_64_TO_32_BIT_CONVERSION = YES;
				GCC_WARN_ABOUT_RETURN_TYPE = YES_ERROR;
				GCC_WARN_UNDECLARED_SELECTOR = YES;
				GCC_WARN_UNINITIALIZED_AUTOS = YES_AGGRESSIVE;
				GCC_WARN_UNUSED_FUNCTION = YES;
				GCC_WARN_UNUSED_VARIABLE = YES;
				INFOPLIST_FILE = Example/Info.plist;
				IPHONEOS_DEPLOYMENT_TARGET = 14.0;
				LD_RUNPATH_SEARCH_PATHS = "$(inherited) @executable_path/Frameworks";
				MTL_ENABLE_DEBUG_INFO = NO;
				MTL_FAST_MATH = YES;
				PRODUCT_BUNDLE_IDENTIFIER = com.swisscom.RibbonKit;
				PRODUCT_NAME = "$(TARGET_NAME)";
				SDKROOT = iphoneos;
				SWIFT_VERSION = 5.0;
				TARGETED_DEVICE_FAMILY = "1,2";
				VALIDATE_PRODUCT = YES;
			};
			name = Release;
		};
		OBJ_21 /* Debug */ = {
			isa = XCBuildConfiguration;
			buildSettings = {
				ENABLE_TESTABILITY = YES;
				FRAMEWORK_SEARCH_PATHS = (
					"$(inherited)",
					"$(PLATFORM_DIR)/Developer/Library/Frameworks",
				);
				HEADER_SEARCH_PATHS = "$(inherited)";
				INFOPLIST_FILE = RibbonKit.xcodeproj/RibbonKit_Info.plist;
				IPHONEOS_DEPLOYMENT_TARGET = 13.0;
				LD_RUNPATH_SEARCH_PATHS = "$(inherited) $(TOOLCHAIN_DIR)/usr/lib/swift/macosx";
				OTHER_CFLAGS = "$(inherited)";
				OTHER_LDFLAGS = "$(inherited)";
				OTHER_SWIFT_FLAGS = "$(inherited)";
				PRODUCT_BUNDLE_IDENTIFIER = RibbonKit;
				PRODUCT_MODULE_NAME = "$(TARGET_NAME:c99extidentifier)";
				PRODUCT_NAME = "$(TARGET_NAME:c99extidentifier)";
				SKIP_INSTALL = YES;
				SWIFT_ACTIVE_COMPILATION_CONDITIONS = "$(inherited)";
				SWIFT_VERSION = 5.0;
				TARGET_NAME = RibbonKit;
				TVOS_DEPLOYMENT_TARGET = 13.0;
			};
			name = Debug;
		};
		OBJ_22 /* Release */ = {
			isa = XCBuildConfiguration;
			buildSettings = {
				ENABLE_TESTABILITY = YES;
				FRAMEWORK_SEARCH_PATHS = (
					"$(inherited)",
					"$(PLATFORM_DIR)/Developer/Library/Frameworks",
				);
				HEADER_SEARCH_PATHS = "$(inherited)";
				INFOPLIST_FILE = RibbonKit.xcodeproj/RibbonKit_Info.plist;
				IPHONEOS_DEPLOYMENT_TARGET = 13.0;
				LD_RUNPATH_SEARCH_PATHS = "$(inherited) $(TOOLCHAIN_DIR)/usr/lib/swift/macosx";
				OTHER_CFLAGS = "$(inherited)";
				OTHER_LDFLAGS = "$(inherited)";
				OTHER_SWIFT_FLAGS = "$(inherited)";
				PRODUCT_BUNDLE_IDENTIFIER = RibbonKit;
				PRODUCT_MODULE_NAME = "$(TARGET_NAME:c99extidentifier)";
				PRODUCT_NAME = "$(TARGET_NAME:c99extidentifier)";
				SKIP_INSTALL = YES;
				SWIFT_ACTIVE_COMPILATION_CONDITIONS = "$(inherited)";
				SWIFT_VERSION = 5.0;
				TARGET_NAME = RibbonKit;
				TVOS_DEPLOYMENT_TARGET = 13.0;
			};
			name = Release;
		};
		OBJ_3 /* Debug */ = {
			isa = XCBuildConfiguration;
			buildSettings = {
				CLANG_ENABLE_OBJC_ARC = YES;
				COMBINE_HIDPI_IMAGES = YES;
				COPY_PHASE_STRIP = NO;
				DEBUG_INFORMATION_FORMAT = dwarf;
				DYLIB_INSTALL_NAME_BASE = "@rpath";
				ENABLE_NS_ASSERTIONS = YES;
				GCC_OPTIMIZATION_LEVEL = 0;
				GCC_PREPROCESSOR_DEFINITIONS = (
					"$(inherited)",
					"SWIFT_PACKAGE=1",
					"DEBUG=1",
				);
				MACOSX_DEPLOYMENT_TARGET = 10.10;
				ONLY_ACTIVE_ARCH = YES;
				OTHER_SWIFT_FLAGS = "$(inherited) -DXcode";
				PRODUCT_NAME = "$(TARGET_NAME)";
				SDKROOT = macosx;
				SUPPORTED_PLATFORMS = "macosx iphoneos iphonesimulator appletvos appletvsimulator watchos watchsimulator";
				SWIFT_ACTIVE_COMPILATION_CONDITIONS = "$(inherited) SWIFT_PACKAGE DEBUG";
				SWIFT_OPTIMIZATION_LEVEL = "-Onone";
				USE_HEADERMAP = NO;
			};
			name = Debug;
		};
		OBJ_4 /* Release */ = {
			isa = XCBuildConfiguration;
			buildSettings = {
				CLANG_ENABLE_OBJC_ARC = YES;
				COMBINE_HIDPI_IMAGES = YES;
				COPY_PHASE_STRIP = YES;
				DEBUG_INFORMATION_FORMAT = "dwarf-with-dsym";
				DYLIB_INSTALL_NAME_BASE = "@rpath";
				GCC_OPTIMIZATION_LEVEL = s;
				GCC_PREPROCESSOR_DEFINITIONS = (
					"$(inherited)",
					"SWIFT_PACKAGE=1",
				);
				MACOSX_DEPLOYMENT_TARGET = 10.10;
				OTHER_SWIFT_FLAGS = "$(inherited) -DXcode";
				PRODUCT_NAME = "$(TARGET_NAME)";
				SDKROOT = macosx;
				SUPPORTED_PLATFORMS = "macosx iphoneos iphonesimulator appletvos appletvsimulator watchos watchsimulator";
				SWIFT_ACTIVE_COMPILATION_CONDITIONS = "$(inherited) SWIFT_PACKAGE";
				SWIFT_OPTIMIZATION_LEVEL = "-Owholemodule";
				USE_HEADERMAP = NO;
			};
			name = Release;
		};
/* End XCBuildConfiguration section */

/* Begin XCConfigurationList section */
		303F476024CF6E7900763149 /* Build configuration list for PBXNativeTarget "Example-tvOS" */ = {
			isa = XCConfigurationList;
			buildConfigurations = (
				303F475E24CF6E7900763149 /* Debug */,
				303F475F24CF6E7900763149 /* Release */,
			);
			defaultConfigurationIsVisible = 0;
			defaultConfigurationName = Release;
		};
		30C15D3824C7436200ABB183 /* Build configuration list for PBXNativeTarget "Example" */ = {
			isa = XCConfigurationList;
			buildConfigurations = (
				30C15D3624C7436200ABB183 /* Debug */,
				30C15D3724C7436200ABB183 /* Release */,
			);
			defaultConfigurationIsVisible = 0;
			defaultConfigurationName = Release;
		};
		OBJ_2 /* Build configuration list for PBXProject "RibbonKit" */ = {
			isa = XCConfigurationList;
			buildConfigurations = (
				OBJ_3 /* Debug */,
				OBJ_4 /* Release */,
			);
			defaultConfigurationIsVisible = 0;
			defaultConfigurationName = Release;
		};
		OBJ_20 /* Build configuration list for PBXNativeTarget "RibbonKit" */ = {
			isa = XCConfigurationList;
			buildConfigurations = (
				OBJ_21 /* Debug */,
				OBJ_22 /* Release */,
			);
			defaultConfigurationIsVisible = 0;
			defaultConfigurationName = Release;
		};
/* End XCConfigurationList section */
	};
	rootObject = OBJ_1 /* Project object */;
}
