// !$*UTF8*$!
{
	archiveVersion = 1;
	classes = {
	};
	objectVersion = 46;
	objects = {

/* Begin PBXBuildFile section */
		3044596124C794100062BA54 /* PagingCollectionViewLayout.swift in Sources */ = {isa = PBXBuildFile; fileRef = 3044596024C794100062BA54 /* PagingCollectionViewLayout.swift */; };
		3044596324C7B15D0062BA54 /* RibbonConfiguration.swift in Sources */ = {isa = PBXBuildFile; fileRef = 3044596224C7B15D0062BA54 /* RibbonConfiguration.swift */; };
		3044596824C7B3590062BA54 /* CellRegistration.swift in Sources */ = {isa = PBXBuildFile; fileRef = 3044596724C7B3590062BA54 /* CellRegistration.swift */; };
		3044596B24C7B4D90062BA54 /* ColorGroup.swift in Sources */ = {isa = PBXBuildFile; fileRef = 3044596A24C7B4D90062BA54 /* ColorGroup.swift */; };
		30C15D2824C7436000ABB183 /* AppDelegate.swift in Sources */ = {isa = PBXBuildFile; fileRef = 30C15D2724C7436000ABB183 /* AppDelegate.swift */; };
		30C15D2C24C7436000ABB183 /* ViewController.swift in Sources */ = {isa = PBXBuildFile; fileRef = 30C15D2B24C7436000ABB183 /* ViewController.swift */; };
		30C15D3124C7436200ABB183 /* Assets.xcassets in Resources */ = {isa = PBXBuildFile; fileRef = 30C15D3024C7436200ABB183 /* Assets.xcassets */; };
		30C15D3424C7436200ABB183 /* LaunchScreen.storyboard in Resources */ = {isa = PBXBuildFile; fileRef = 30C15D3224C7436200ABB183 /* LaunchScreen.storyboard */; };
		30C15D4024C7456D00ABB183 /* RandomColor.swift in Sources */ = {isa = PBXBuildFile; fileRef = 30C15D3C24C7456D00ABB183 /* RandomColor.swift */; };
		30C15D4124C7456D00ABB183 /* ColorDefinition.swift in Sources */ = {isa = PBXBuildFile; fileRef = 30C15D3D24C7456D00ABB183 /* ColorDefinition.swift */; };
		30C15D4224C7456D00ABB183 /* Hue.swift in Sources */ = {isa = PBXBuildFile; fileRef = 30C15D3E24C7456D00ABB183 /* Hue.swift */; };
		30C15D4324C7456D00ABB183 /* Luminosity.swift in Sources */ = {isa = PBXBuildFile; fileRef = 30C15D3F24C7456D00ABB183 /* Luminosity.swift */; };
		30F07A2B24C8679900BFFE5E /* RibbonListViewDataSource.swift in Sources */ = {isa = PBXBuildFile; fileRef = 30F07A2A24C8679900BFFE5E /* RibbonListViewDataSource.swift */; };
		30F07A3024C867CF00BFFE5E /* RibbonListViewDelegate.swift in Sources */ = {isa = PBXBuildFile; fileRef = 30F07A2F24C867CF00BFFE5E /* RibbonListViewDelegate.swift */; };
		OBJ_24 /* ReusableView.swift in Sources */ = {isa = PBXBuildFile; fileRef = OBJ_10 /* ReusableView.swift */; };
		OBJ_25 /* UICollectionView+Reusable.swift in Sources */ = {isa = PBXBuildFile; fileRef = OBJ_11 /* UICollectionView+Reusable.swift */; };
		OBJ_26 /* UITableView+Reusable.swift in Sources */ = {isa = PBXBuildFile; fileRef = OBJ_12 /* UITableView+Reusable.swift */; };
		OBJ_27 /* RibbonCell.swift in Sources */ = {isa = PBXBuildFile; fileRef = OBJ_13 /* RibbonCell.swift */; };
		OBJ_29 /* RibbonList.swift in Sources */ = {isa = PBXBuildFile; fileRef = OBJ_15 /* RibbonList.swift */; };
/* End PBXBuildFile section */

/* Begin PBXContainerItemProxy section */
		30C15D3924C743CD00ABB183 /* PBXContainerItemProxy */ = {
			isa = PBXContainerItemProxy;
			containerPortal = OBJ_1 /* Project object */;
			proxyType = 1;
			remoteGlobalIDString = "RibbonKit::RibbonKit";
			remoteInfo = RibbonKit;
		};
/* End PBXContainerItemProxy section */

/* Begin PBXFileReference section */
		3044596024C794100062BA54 /* PagingCollectionViewLayout.swift */ = {isa = PBXFileReference; lastKnownFileType = sourcecode.swift; path = PagingCollectionViewLayout.swift; sourceTree = "<group>"; };
		3044596224C7B15D0062BA54 /* RibbonConfiguration.swift */ = {isa = PBXFileReference; lastKnownFileType = sourcecode.swift; path = RibbonConfiguration.swift; sourceTree = "<group>"; };
		3044596724C7B3590062BA54 /* CellRegistration.swift */ = {isa = PBXFileReference; lastKnownFileType = sourcecode.swift; path = CellRegistration.swift; sourceTree = "<group>"; };
		3044596A24C7B4D90062BA54 /* ColorGroup.swift */ = {isa = PBXFileReference; lastKnownFileType = sourcecode.swift; path = ColorGroup.swift; sourceTree = "<group>"; };
		30C15D2524C7436000ABB183 /* Example.app */ = {isa = PBXFileReference; explicitFileType = wrapper.application; includeInIndex = 0; path = Example.app; sourceTree = BUILT_PRODUCTS_DIR; };
		30C15D2724C7436000ABB183 /* AppDelegate.swift */ = {isa = PBXFileReference; lastKnownFileType = sourcecode.swift; path = AppDelegate.swift; sourceTree = "<group>"; };
		30C15D2B24C7436000ABB183 /* ViewController.swift */ = {isa = PBXFileReference; lastKnownFileType = sourcecode.swift; path = ViewController.swift; sourceTree = "<group>"; };
		30C15D3024C7436200ABB183 /* Assets.xcassets */ = {isa = PBXFileReference; lastKnownFileType = folder.assetcatalog; path = Assets.xcassets; sourceTree = "<group>"; };
		30C15D3324C7436200ABB183 /* Base */ = {isa = PBXFileReference; lastKnownFileType = file.storyboard; name = Base; path = Base.lproj/LaunchScreen.storyboard; sourceTree = "<group>"; };
		30C15D3524C7436200ABB183 /* Info.plist */ = {isa = PBXFileReference; lastKnownFileType = text.plist.xml; path = Info.plist; sourceTree = "<group>"; };
		30C15D3C24C7456D00ABB183 /* RandomColor.swift */ = {isa = PBXFileReference; fileEncoding = 4; lastKnownFileType = sourcecode.swift; path = RandomColor.swift; sourceTree = "<group>"; };
		30C15D3D24C7456D00ABB183 /* ColorDefinition.swift */ = {isa = PBXFileReference; fileEncoding = 4; lastKnownFileType = sourcecode.swift; path = ColorDefinition.swift; sourceTree = "<group>"; };
		30C15D3E24C7456D00ABB183 /* Hue.swift */ = {isa = PBXFileReference; fileEncoding = 4; lastKnownFileType = sourcecode.swift; path = Hue.swift; sourceTree = "<group>"; };
		30C15D3F24C7456D00ABB183 /* Luminosity.swift */ = {isa = PBXFileReference; fileEncoding = 4; lastKnownFileType = sourcecode.swift; path = Luminosity.swift; sourceTree = "<group>"; };
		30F07A2924C7BF0400BFFE5E /* README.md */ = {isa = PBXFileReference; lastKnownFileType = net.daringfireball.markdown; path = README.md; sourceTree = "<group>"; };
		30F07A2A24C8679900BFFE5E /* RibbonListViewDataSource.swift */ = {isa = PBXFileReference; lastKnownFileType = sourcecode.swift; path = RibbonListViewDataSource.swift; sourceTree = "<group>"; };
		30F07A2F24C867CF00BFFE5E /* RibbonListViewDelegate.swift */ = {isa = PBXFileReference; lastKnownFileType = sourcecode.swift; path = RibbonListViewDelegate.swift; sourceTree = "<group>"; };
		OBJ_10 /* ReusableView.swift */ = {isa = PBXFileReference; lastKnownFileType = sourcecode.swift; path = ReusableView.swift; sourceTree = "<group>"; };
		OBJ_11 /* UICollectionView+Reusable.swift */ = {isa = PBXFileReference; lastKnownFileType = sourcecode.swift; path = "UICollectionView+Reusable.swift"; sourceTree = "<group>"; };
		OBJ_12 /* UITableView+Reusable.swift */ = {isa = PBXFileReference; lastKnownFileType = sourcecode.swift; path = "UITableView+Reusable.swift"; sourceTree = "<group>"; };
		OBJ_13 /* RibbonCell.swift */ = {isa = PBXFileReference; lastKnownFileType = sourcecode.swift; path = RibbonCell.swift; sourceTree = "<group>"; };
		OBJ_15 /* RibbonList.swift */ = {isa = PBXFileReference; lastKnownFileType = sourcecode.swift; path = RibbonList.swift; sourceTree = "<group>"; };
		OBJ_6 /* Package.swift */ = {isa = PBXFileReference; explicitFileType = sourcecode.swift; path = Package.swift; sourceTree = "<group>"; };
		"RibbonKit::RibbonKit::Product" /* RibbonKit.framework */ = {isa = PBXFileReference; lastKnownFileType = wrapper.framework; path = RibbonKit.framework; sourceTree = BUILT_PRODUCTS_DIR; };
/* End PBXFileReference section */

/* Begin PBXFrameworksBuildPhase section */
		30C15D2224C7436000ABB183 /* Frameworks */ = {
			isa = PBXFrameworksBuildPhase;
			buildActionMask = 2147483647;
			files = (
			);
			runOnlyForDeploymentPostprocessing = 0;
		};
		OBJ_30 /* Frameworks */ = {
			isa = PBXFrameworksBuildPhase;
			buildActionMask = 0;
			files = (
			);
			runOnlyForDeploymentPostprocessing = 0;
		};
/* End PBXFrameworksBuildPhase section */

/* Begin PBXGroup section */
		3044596424C7B1760062BA54 /* Layout */ = {
			isa = PBXGroup;
			children = (
				3044596024C794100062BA54 /* PagingCollectionViewLayout.swift */,
			);
			path = Layout;
			sourceTree = "<group>";
		};
		3044596924C7B4D10062BA54 /* Data */ = {
			isa = PBXGroup;
			children = (
				3044596A24C7B4D90062BA54 /* ColorGroup.swift */,
			);
			path = Data;
			sourceTree = "<group>";
		};
		30C15D2624C7436000ABB183 /* Example */ = {
			isa = PBXGroup;
			children = (
				3044596924C7B4D10062BA54 /* Data */,
				30C15D3B24C7455100ABB183 /* RandomColor */,
				30C15D2724C7436000ABB183 /* AppDelegate.swift */,
				30C15D2B24C7436000ABB183 /* ViewController.swift */,
				30C15D3024C7436200ABB183 /* Assets.xcassets */,
				30C15D3224C7436200ABB183 /* LaunchScreen.storyboard */,
				30C15D3524C7436200ABB183 /* Info.plist */,
			);
			path = Example;
			sourceTree = "<group>";
		};
		30C15D3B24C7455100ABB183 /* RandomColor */ = {
			isa = PBXGroup;
			children = (
				30C15D3D24C7456D00ABB183 /* ColorDefinition.swift */,
				30C15D3E24C7456D00ABB183 /* Hue.swift */,
				30C15D3F24C7456D00ABB183 /* Luminosity.swift */,
				30C15D3C24C7456D00ABB183 /* RandomColor.swift */,
			);
			path = RandomColor;
			sourceTree = "<group>";
		};
		30F07A2C24C867A100BFFE5E /* List */ = {
			isa = PBXGroup;
			children = (
				OBJ_13 /* RibbonCell.swift */,
				OBJ_15 /* RibbonList.swift */,
				30F07A2A24C8679900BFFE5E /* RibbonListViewDataSource.swift */,
				30F07A2F24C867CF00BFFE5E /* RibbonListViewDelegate.swift */,
				3044596224C7B15D0062BA54 /* RibbonConfiguration.swift */,
			);
			path = List;
			sourceTree = "<group>";
		};
		30F07A2D24C867B600BFFE5E /* Helpers */ = {
			isa = PBXGroup;
			children = (
				3044596724C7B3590062BA54 /* CellRegistration.swift */,
			);
			path = Helpers;
			sourceTree = "<group>";
		};
		OBJ_16 /* Tests */ = {
			isa = PBXGroup;
			children = (
			);
			name = Tests;
			sourceTree = SOURCE_ROOT;
		};
		OBJ_17 /* Products */ = {
			isa = PBXGroup;
			children = (
				"RibbonKit::RibbonKit::Product" /* RibbonKit.framework */,
				30C15D2524C7436000ABB183 /* Example.app */,
			);
			name = Products;
			sourceTree = BUILT_PRODUCTS_DIR;
		};
		OBJ_5 = {
			isa = PBXGroup;
			children = (
				30F07A2924C7BF0400BFFE5E /* README.md */,
				OBJ_6 /* Package.swift */,
				OBJ_7 /* Sources */,
				OBJ_16 /* Tests */,
				30C15D2624C7436000ABB183 /* Example */,
				OBJ_17 /* Products */,
			);
			sourceTree = "<group>";
		};
		OBJ_7 /* Sources */ = {
			isa = PBXGroup;
			children = (
				OBJ_8 /* RibbonKit */,
			);
			name = Sources;
			sourceTree = SOURCE_ROOT;
		};
		OBJ_8 /* RibbonKit */ = {
			isa = PBXGroup;
			children = (
				30F07A2D24C867B600BFFE5E /* Helpers */,
				3044596424C7B1760062BA54 /* Layout */,
				OBJ_9 /* Reusable */,
				30F07A2C24C867A100BFFE5E /* List */,
			);
			name = RibbonKit;
			path = Sources/RibbonKit;
			sourceTree = SOURCE_ROOT;
		};
		OBJ_9 /* Reusable */ = {
			isa = PBXGroup;
			children = (
				OBJ_10 /* ReusableView.swift */,
				OBJ_11 /* UICollectionView+Reusable.swift */,
				OBJ_12 /* UITableView+Reusable.swift */,
			);
			path = Reusable;
			sourceTree = "<group>";
		};
/* End PBXGroup section */

/* Begin PBXNativeTarget section */
		30C15D2424C7436000ABB183 /* Example */ = {
			isa = PBXNativeTarget;
			buildConfigurationList = 30C15D3824C7436200ABB183 /* Build configuration list for PBXNativeTarget "Example" */;
			buildPhases = (
				30C15D2124C7436000ABB183 /* Sources */,
				30C15D2224C7436000ABB183 /* Frameworks */,
				30C15D2324C7436000ABB183 /* Resources */,
			);
			buildRules = (
			);
			dependencies = (
				30C15D3A24C743CD00ABB183 /* PBXTargetDependency */,
			);
			name = Example;
			productName = Example;
			productReference = 30C15D2524C7436000ABB183 /* Example.app */;
			productType = "com.apple.product-type.application";
		};
		"RibbonKit::RibbonKit" /* RibbonKit */ = {
			isa = PBXNativeTarget;
			buildConfigurationList = OBJ_20 /* Build configuration list for PBXNativeTarget "RibbonKit" */;
			buildPhases = (
				OBJ_23 /* Sources */,
				OBJ_30 /* Frameworks */,
			);
			buildRules = (
			);
			dependencies = (
			);
			name = RibbonKit;
			productName = RibbonKit;
			productReference = "RibbonKit::RibbonKit::Product" /* RibbonKit.framework */;
			productType = "com.apple.product-type.framework";
		};
/* End PBXNativeTarget section */

/* Begin PBXProject section */
		OBJ_1 /* Project object */ = {
			isa = PBXProject;
			attributes = {
				LastSwiftMigration = 9999;
				LastSwiftUpdateCheck = 1200;
				LastUpgradeCheck = 9999;
				TargetAttributes = {
					30C15D2424C7436000ABB183 = {
						CreatedOnToolsVersion = 12.0;
						ProvisioningStyle = Automatic;
					};
				};
			};
			buildConfigurationList = OBJ_2 /* Build configuration list for PBXProject "RibbonKit" */;
			compatibilityVersion = "Xcode 3.2";
			developmentRegion = en;
			hasScannedForEncodings = 0;
			knownRegions = (
				en,
				Base,
			);
			mainGroup = OBJ_5;
			productRefGroup = OBJ_17 /* Products */;
			projectDirPath = "";
			projectRoot = "";
			targets = (
				"RibbonKit::RibbonKit" /* RibbonKit */,
				30C15D2424C7436000ABB183 /* Example */,
			);
		};
/* End PBXProject section */

/* Begin PBXResourcesBuildPhase section */
		30C15D2324C7436000ABB183 /* Resources */ = {
			isa = PBXResourcesBuildPhase;
			buildActionMask = 2147483647;
			files = (
				30C15D3424C7436200ABB183 /* LaunchScreen.storyboard in Resources */,
				30C15D3124C7436200ABB183 /* Assets.xcassets in Resources */,
			);
			runOnlyForDeploymentPostprocessing = 0;
		};
/* End PBXResourcesBuildPhase section */

/* Begin PBXSourcesBuildPhase section */
		30C15D2124C7436000ABB183 /* Sources */ = {
			isa = PBXSourcesBuildPhase;
			buildActionMask = 2147483647;
			files = (
				30C15D4324C7456D00ABB183 /* Luminosity.swift in Sources */,
				30C15D4224C7456D00ABB183 /* Hue.swift in Sources */,
				30C15D4124C7456D00ABB183 /* ColorDefinition.swift in Sources */,
				30C15D2C24C7436000ABB183 /* ViewController.swift in Sources */,
				3044596B24C7B4D90062BA54 /* ColorGroup.swift in Sources */,
				30C15D4024C7456D00ABB183 /* RandomColor.swift in Sources */,
				30C15D2824C7436000ABB183 /* AppDelegate.swift in Sources */,
			);
			runOnlyForDeploymentPostprocessing = 0;
		};
		OBJ_23 /* Sources */ = {
			isa = PBXSourcesBuildPhase;
			buildActionMask = 0;
			files = (
				OBJ_24 /* ReusableView.swift in Sources */,
				3044596824C7B3590062BA54 /* CellRegistration.swift in Sources */,
				OBJ_25 /* UICollectionView+Reusable.swift in Sources */,
				3044596324C7B15D0062BA54 /* RibbonConfiguration.swift in Sources */,
				3044596124C794100062BA54 /* PagingCollectionViewLayout.swift in Sources */,
				OBJ_26 /* UITableView+Reusable.swift in Sources */,
				OBJ_27 /* RibbonCell.swift in Sources */,
				OBJ_29 /* RibbonList.swift in Sources */,
				30F07A3024C867CF00BFFE5E /* RibbonListViewDelegate.swift in Sources */,
				30F07A2B24C8679900BFFE5E /* RibbonListViewDataSource.swift in Sources */,
			);
			runOnlyForDeploymentPostprocessing = 0;
		};
/* End PBXSourcesBuildPhase section */

/* Begin PBXTargetDependency section */
		30C15D3A24C743CD00ABB183 /* PBXTargetDependency */ = {
			isa = PBXTargetDependency;
			target = "RibbonKit::RibbonKit" /* RibbonKit */;
			targetProxy = 30C15D3924C743CD00ABB183 /* PBXContainerItemProxy */;
		};
/* End PBXTargetDependency section */

/* Begin PBXVariantGroup section */
		30C15D3224C7436200ABB183 /* LaunchScreen.storyboard */ = {
			isa = PBXVariantGroup;
			children = (
				30C15D3324C7436200ABB183 /* Base */,
			);
			name = LaunchScreen.storyboard;
			sourceTree = "<group>";
		};
/* End PBXVariantGroup section */

/* Begin XCBuildConfiguration section */
		30C15D3624C7436200ABB183 /* Debug */ = {
			isa = XCBuildConfiguration;
			buildSettings = {
				ALWAYS_SEARCH_USER_PATHS = NO;
				ASSETCATALOG_COMPILER_APPICON_NAME = AppIcon;
				ASSETCATALOG_COMPILER_GLOBAL_ACCENT_COLOR_NAME = AccentColor;
				CLANG_ANALYZER_NONNULL = YES;
				CLANG_ANALYZER_NUMBER_OBJECT_CONVERSION = YES_AGGRESSIVE;
				CLANG_CXX_LANGUAGE_STANDARD = "gnu++14";
				CLANG_CXX_LIBRARY = "libc++";
				CLANG_ENABLE_MODULES = YES;
				CLANG_ENABLE_OBJC_WEAK = YES;
				CLANG_WARN_BLOCK_CAPTURE_AUTORELEASING = YES;
				CLANG_WARN_BOOL_CONVERSION = YES;
				CLANG_WARN_COMMA = YES;
				CLANG_WARN_CONSTANT_CONVERSION = YES;
				CLANG_WARN_DEPRECATED_OBJC_IMPLEMENTATIONS = YES;
				CLANG_WARN_DIRECT_OBJC_ISA_USAGE = YES_ERROR;
				CLANG_WARN_DOCUMENTATION_COMMENTS = YES;
				CLANG_WARN_EMPTY_BODY = YES;
				CLANG_WARN_ENUM_CONVERSION = YES;
				CLANG_WARN_INFINITE_RECURSION = YES;
				CLANG_WARN_INT_CONVERSION = YES;
				CLANG_WARN_NON_LITERAL_NULL_CONVERSION = YES;
				CLANG_WARN_OBJC_IMPLICIT_RETAIN_SELF = YES;
				CLANG_WARN_OBJC_LITERAL_CONVERSION = YES;
				CLANG_WARN_OBJC_ROOT_CLASS = YES_ERROR;
				CLANG_WARN_QUOTED_INCLUDE_IN_FRAMEWORK_HEADER = YES;
				CLANG_WARN_RANGE_LOOP_ANALYSIS = YES;
				CLANG_WARN_STRICT_PROTOTYPES = YES;
				CLANG_WARN_SUSPICIOUS_MOVE = YES;
				CLANG_WARN_UNGUARDED_AVAILABILITY = YES_AGGRESSIVE;
				CLANG_WARN_UNREACHABLE_CODE = YES;
				CLANG_WARN__DUPLICATE_METHOD_MATCH = YES;
				CODE_SIGN_STYLE = Automatic;
				ENABLE_STRICT_OBJC_MSGSEND = YES;
				ENABLE_TESTABILITY = YES;
				GCC_C_LANGUAGE_STANDARD = gnu11;
				GCC_DYNAMIC_NO_PIC = NO;
				GCC_NO_COMMON_BLOCKS = YES;
				GCC_PREPROCESSOR_DEFINITIONS = (
					"DEBUG=1",
					"$(inherited)",
				);
				GCC_WARN_64_TO_32_BIT_CONVERSION = YES;
				GCC_WARN_ABOUT_RETURN_TYPE = YES_ERROR;
				GCC_WARN_UNDECLARED_SELECTOR = YES;
				GCC_WARN_UNINITIALIZED_AUTOS = YES_AGGRESSIVE;
				GCC_WARN_UNUSED_FUNCTION = YES;
				GCC_WARN_UNUSED_VARIABLE = YES;
				INFOPLIST_FILE = Example/Info.plist;
				IPHONEOS_DEPLOYMENT_TARGET = 14.0;
				LD_RUNPATH_SEARCH_PATHS = "$(inherited) @executable_path/Frameworks";
				MTL_ENABLE_DEBUG_INFO = INCLUDE_SOURCE;
				MTL_FAST_MATH = YES;
				PRODUCT_BUNDLE_IDENTIFIER = com.swisscom.Example;
				PRODUCT_NAME = "$(TARGET_NAME)";
				SDKROOT = iphoneos;
				SWIFT_ACTIVE_COMPILATION_CONDITIONS = DEBUG;
				SWIFT_VERSION = 5.0;
				TARGETED_DEVICE_FAMILY = "1,2";
			};
			name = Debug;
		};
		30C15D3724C7436200ABB183 /* Release */ = {
			isa = XCBuildConfiguration;
			buildSettings = {
				ALWAYS_SEARCH_USER_PATHS = NO;
				ASSETCATALOG_COMPILER_APPICON_NAME = AppIcon;
				ASSETCATALOG_COMPILER_GLOBAL_ACCENT_COLOR_NAME = AccentColor;
				CLANG_ANALYZER_NONNULL = YES;
				CLANG_ANALYZER_NUMBER_OBJECT_CONVERSION = YES_AGGRESSIVE;
				CLANG_CXX_LANGUAGE_STANDARD = "gnu++14";
				CLANG_CXX_LIBRARY = "libc++";
				CLANG_ENABLE_MODULES = YES;
				CLANG_ENABLE_OBJC_WEAK = YES;
				CLANG_WARN_BLOCK_CAPTURE_AUTORELEASING = YES;
				CLANG_WARN_BOOL_CONVERSION = YES;
				CLANG_WARN_COMMA = YES;
				CLANG_WARN_CONSTANT_CONVERSION = YES;
				CLANG_WARN_DEPRECATED_OBJC_IMPLEMENTATIONS = YES;
				CLANG_WARN_DIRECT_OBJC_ISA_USAGE = YES_ERROR;
				CLANG_WARN_DOCUMENTATION_COMMENTS = YES;
				CLANG_WARN_EMPTY_BODY = YES;
				CLANG_WARN_ENUM_CONVERSION = YES;
				CLANG_WARN_INFINITE_RECURSION = YES;
				CLANG_WARN_INT_CONVERSION = YES;
				CLANG_WARN_NON_LITERAL_NULL_CONVERSION = YES;
				CLANG_WARN_OBJC_IMPLICIT_RETAIN_SELF = YES;
				CLANG_WARN_OBJC_LITERAL_CONVERSION = YES;
				CLANG_WARN_OBJC_ROOT_CLASS = YES_ERROR;
				CLANG_WARN_QUOTED_INCLUDE_IN_FRAMEWORK_HEADER = YES;
				CLANG_WARN_RANGE_LOOP_ANALYSIS = YES;
				CLANG_WARN_STRICT_PROTOTYPES = YES;
				CLANG_WARN_SUSPICIOUS_MOVE = YES;
				CLANG_WARN_UNGUARDED_AVAILABILITY = YES_AGGRESSIVE;
				CLANG_WARN_UNREACHABLE_CODE = YES;
				CLANG_WARN__DUPLICATE_METHOD_MATCH = YES;
				CODE_SIGN_STYLE = Automatic;
				COPY_PHASE_STRIP = NO;
				ENABLE_NS_ASSERTIONS = NO;
				ENABLE_STRICT_OBJC_MSGSEND = YES;
				GCC_C_LANGUAGE_STANDARD = gnu11;
				GCC_NO_COMMON_BLOCKS = YES;
				GCC_WARN_64_TO_32_BIT_CONVERSION = YES;
				GCC_WARN_ABOUT_RETURN_TYPE = YES_ERROR;
				GCC_WARN_UNDECLARED_SELECTOR = YES;
				GCC_WARN_UNINITIALIZED_AUTOS = YES_AGGRESSIVE;
				GCC_WARN_UNUSED_FUNCTION = YES;
				GCC_WARN_UNUSED_VARIABLE = YES;
				INFOPLIST_FILE = Example/Info.plist;
				IPHONEOS_DEPLOYMENT_TARGET = 14.0;
				LD_RUNPATH_SEARCH_PATHS = "$(inherited) @executable_path/Frameworks";
				MTL_ENABLE_DEBUG_INFO = NO;
				MTL_FAST_MATH = YES;
				PRODUCT_BUNDLE_IDENTIFIER = com.swisscom.Example;
				PRODUCT_NAME = "$(TARGET_NAME)";
				SDKROOT = iphoneos;
				SWIFT_VERSION = 5.0;
				TARGETED_DEVICE_FAMILY = "1,2";
				VALIDATE_PRODUCT = YES;
			};
			name = Release;
		};
		OBJ_21 /* Debug */ = {
			isa = XCBuildConfiguration;
			buildSettings = {
				ENABLE_TESTABILITY = YES;
				FRAMEWORK_SEARCH_PATHS = (
					"$(inherited)",
					"$(PLATFORM_DIR)/Developer/Library/Frameworks",
				);
				HEADER_SEARCH_PATHS = "$(inherited)";
				INFOPLIST_FILE = RibbonKit.xcodeproj/RibbonKit_Info.plist;
				IPHONEOS_DEPLOYMENT_TARGET = 12.0;
				LD_RUNPATH_SEARCH_PATHS = "$(inherited) $(TOOLCHAIN_DIR)/usr/lib/swift/macosx";
				MACOSX_DEPLOYMENT_TARGET = 10.10;
				OTHER_CFLAGS = "$(inherited)";
				OTHER_LDFLAGS = "$(inherited)";
				OTHER_SWIFT_FLAGS = "$(inherited)";
				PRODUCT_BUNDLE_IDENTIFIER = RibbonKit;
				PRODUCT_MODULE_NAME = "$(TARGET_NAME:c99extidentifier)";
				PRODUCT_NAME = "$(TARGET_NAME:c99extidentifier)";
				SKIP_INSTALL = YES;
				SWIFT_ACTIVE_COMPILATION_CONDITIONS = "$(inherited)";
				SWIFT_VERSION = 5.0;
				TARGET_NAME = RibbonKit;
				TVOS_DEPLOYMENT_TARGET = 12.0;
				WATCHOS_DEPLOYMENT_TARGET = 2.0;
			};
			name = Debug;
		};
		OBJ_22 /* Release */ = {
			isa = XCBuildConfiguration;
			buildSettings = {
				ENABLE_TESTABILITY = YES;
				FRAMEWORK_SEARCH_PATHS = (
					"$(inherited)",
					"$(PLATFORM_DIR)/Developer/Library/Frameworks",
				);
				HEADER_SEARCH_PATHS = "$(inherited)";
				INFOPLIST_FILE = RibbonKit.xcodeproj/RibbonKit_Info.plist;
				IPHONEOS_DEPLOYMENT_TARGET = 12.0;
				LD_RUNPATH_SEARCH_PATHS = "$(inherited) $(TOOLCHAIN_DIR)/usr/lib/swift/macosx";
				MACOSX_DEPLOYMENT_TARGET = 10.10;
				OTHER_CFLAGS = "$(inherited)";
				OTHER_LDFLAGS = "$(inherited)";
				OTHER_SWIFT_FLAGS = "$(inherited)";
				PRODUCT_BUNDLE_IDENTIFIER = RibbonKit;
				PRODUCT_MODULE_NAME = "$(TARGET_NAME:c99extidentifier)";
				PRODUCT_NAME = "$(TARGET_NAME:c99extidentifier)";
				SKIP_INSTALL = YES;
				SWIFT_ACTIVE_COMPILATION_CONDITIONS = "$(inherited)";
				SWIFT_VERSION = 5.0;
				TARGET_NAME = RibbonKit;
				TVOS_DEPLOYMENT_TARGET = 12.0;
				WATCHOS_DEPLOYMENT_TARGET = 2.0;
			};
			name = Release;
		};
		OBJ_3 /* Debug */ = {
			isa = XCBuildConfiguration;
			buildSettings = {
				CLANG_ENABLE_OBJC_ARC = YES;
				COMBINE_HIDPI_IMAGES = YES;
				COPY_PHASE_STRIP = NO;
				DEBUG_INFORMATION_FORMAT = dwarf;
				DYLIB_INSTALL_NAME_BASE = "@rpath";
				ENABLE_NS_ASSERTIONS = YES;
				GCC_OPTIMIZATION_LEVEL = 0;
				GCC_PREPROCESSOR_DEFINITIONS = (
					"$(inherited)",
					"SWIFT_PACKAGE=1",
					"DEBUG=1",
				);
				MACOSX_DEPLOYMENT_TARGET = 10.10;
				ONLY_ACTIVE_ARCH = YES;
				OTHER_SWIFT_FLAGS = "$(inherited) -DXcode";
				PRODUCT_NAME = "$(TARGET_NAME)";
				SDKROOT = macosx;
				SUPPORTED_PLATFORMS = "macosx iphoneos iphonesimulator appletvos appletvsimulator watchos watchsimulator";
				SWIFT_ACTIVE_COMPILATION_CONDITIONS = "$(inherited) SWIFT_PACKAGE DEBUG";
				SWIFT_OPTIMIZATION_LEVEL = "-Onone";
				USE_HEADERMAP = NO;
			};
			name = Debug;
		};
		OBJ_4 /* Release */ = {
			isa = XCBuildConfiguration;
			buildSettings = {
				CLANG_ENABLE_OBJC_ARC = YES;
				COMBINE_HIDPI_IMAGES = YES;
				COPY_PHASE_STRIP = YES;
				DEBUG_INFORMATION_FORMAT = "dwarf-with-dsym";
				DYLIB_INSTALL_NAME_BASE = "@rpath";
				GCC_OPTIMIZATION_LEVEL = s;
				GCC_PREPROCESSOR_DEFINITIONS = (
					"$(inherited)",
					"SWIFT_PACKAGE=1",
				);
				MACOSX_DEPLOYMENT_TARGET = 10.10;
				OTHER_SWIFT_FLAGS = "$(inherited) -DXcode";
				PRODUCT_NAME = "$(TARGET_NAME)";
				SDKROOT = macosx;
				SUPPORTED_PLATFORMS = "macosx iphoneos iphonesimulator appletvos appletvsimulator watchos watchsimulator";
				SWIFT_ACTIVE_COMPILATION_CONDITIONS = "$(inherited) SWIFT_PACKAGE";
				SWIFT_OPTIMIZATION_LEVEL = "-Owholemodule";
				USE_HEADERMAP = NO;
			};
			name = Release;
		};
/* End XCBuildConfiguration section */

/* Begin XCConfigurationList section */
		30C15D3824C7436200ABB183 /* Build configuration list for PBXNativeTarget "Example" */ = {
			isa = XCConfigurationList;
			buildConfigurations = (
				30C15D3624C7436200ABB183 /* Debug */,
				30C15D3724C7436200ABB183 /* Release */,
			);
			defaultConfigurationIsVisible = 0;
			defaultConfigurationName = Release;
		};
		OBJ_2 /* Build configuration list for PBXProject "RibbonKit" */ = {
			isa = XCConfigurationList;
			buildConfigurations = (
				OBJ_3 /* Debug */,
				OBJ_4 /* Release */,
			);
			defaultConfigurationIsVisible = 0;
			defaultConfigurationName = Release;
		};
		OBJ_20 /* Build configuration list for PBXNativeTarget "RibbonKit" */ = {
			isa = XCConfigurationList;
			buildConfigurations = (
				OBJ_21 /* Debug */,
				OBJ_22 /* Release */,
			);
			defaultConfigurationIsVisible = 0;
			defaultConfigurationName = Release;
		};
/* End XCConfigurationList section */
	};
	rootObject = OBJ_1 /* Project object */;
}
